<Solution>
  <Project Path="StarPie.Ui\StarPie.Ui.csproj" />
  <Project Path="StarPie.Sdk\StarPie.Sdk.csproj" />
  <Project Path="StarPie.Sdk.Wpf\StarPie.Sdk.Wpf.csproj" />
  <Project Path="StarPie.Host\StarPie.Host.csproj" />
  <Project Path="StarPie.Core\StarPie.Core.csproj" />
  <Project Path="StarPie.Dialogs\StarPie.Dialogs.csproj" />
  <Project Path="StarPie.Shell\StarPie.Shell.csproj" />
  <Project Path="StarPie.Gestures\StarPie.Gestures.csproj" />
  <Project Path="StarPie.Tests\StarPie.Tests.csproj" />
</Solution>
