<Solution>
  <Project Path="StarPie.Ui\StarPie.Ui.csproj" />
  <Project Path="StarPie.Sdk\StarPie.Sdk.csproj" />
  <Project Path="StarPie.Sdk.Wpf\StarPie.Sdk.Wpf.csproj" />
  <Project Path="StarPie.Host\StarPie.Host.csproj" />
  <Project Path="StarPie.Tests\StarPie.Tests.csproj" />
  <Project Path="plugins\src\StarPie.Plugin.Programs\StarPie.Plugin.Programs.csproj" />
  <Project Path="plugins\src\StarPie.Plugin.SampleUi\StarPie.Plugin.SampleUi.csproj" />
</Solution>
