<Solution>
  <Project Path="StarPie.Ui\StarPie.Ui.csproj" />
  <Project Path="StarPie.Sdk\StarPie.Sdk.csproj" />
  <Project Path="StarPie.Sdk.Wpf\StarPie.Sdk.Wpf.csproj" />
  <Project Path="StarPie.Host\StarPie.Host.csproj" />
  <Project Path="StarPie.Core\StarPie.Core.csproj" />
  <Project Path="StarPie.Dialogs\StarPie.Dialogs.csproj" />
  <Project Path="StarPie.Dialogs.Contracts\StarPie.Dialogs.Contracts.csproj" />
  <Project Path="StarPie.Gestures.Contracts\StarPie.Gestures.Contracts.csproj" />
  <Project Path="StarPie.Icons.Contracts\StarPie.Icons.Contracts.csproj" />
  <Project Path="StarPie.Icons\StarPie.Icons.csproj" />
  <Project Path="StarPie.Programs\StarPie.Programs.csproj" />
  <Project Path="StarPie.Programs.Contracts\StarPie.Programs.Contracts.csproj" />
  <Project Path="StarPie.Shell\StarPie.Shell.csproj" />
  <Project Path="StarPie.Theme\StarPie.Theme.csproj" />
  <Project Path="StarPie.Theme.Contracts\StarPie.Theme.Contracts.csproj" />
  <Project Path="StarPie.Wheel\StarPie.Wheel.csproj" />
  <Project Path="StarPie.Wheel.Contracts\StarPie.Wheel.Contracts.csproj" />
  <Project Path="StarPie.Gestures\StarPie.Gestures.csproj" />
  <Project Path="StarPie.Tests\StarPie.Tests.csproj" />
</Solution>
