<Solution>
  <Project Path="WinPieGestures.csproj" />
  <Project Path="..\StarPie.Core\StarPie.Core.csproj" />
  <Project Path="..\StarPie.Programs\StarPie.Programs.csproj" />
  <Project Path="..\StarPie.Shell\StarPie.Shell.csproj" />
  <Project Path="..\WinPieGestures.Tests\WinPieGestures.Tests.csproj" />
</Solution>
